// !$*UTF8*$!
{
	archiveVersion = 1;
	classes = {
	};
	objectVersion = 48;
	objects = {

/* Begin PBXBuildFile section */
		8AD27F0A20DFFE850058D175 /* AppDelegate.swift in Sources */ = {isa = PBXBuildFile; fileRef = 8AD27F0920DFFE850058D175 /* AppDelegate.swift */; };
		8AD27F0C20DFFE850058D175 /* ViewController.swift in Sources */ = {isa = PBXBuildFile; fileRef = 8AD27F0B20DFFE850058D175 /* ViewController.swift */; };
		8AD27F0F20DFFE850058D175 /* Main.storyboard in Resources */ = {isa = PBXBuildFile; fileRef = 8AD27F0D20DFFE850058D175 /* Main.storyboard */; };
		8AD27F1120DFFE850058D175 /* Assets.xcassets in Resources */ = {isa = PBXBuildFile; fileRef = 8AD27F1020DFFE850058D175 /* Assets.xcassets */; };
		8AD27F1420DFFE850058D175 /* LaunchScreen.storyboard in Resources */ = {isa = PBXBuildFile; fileRef = 8AD27F1220DFFE850058D175 /* LaunchScreen.storyboard */; };
		9C21AAD1475A7999D9A2F57F /* Pods_JSONParsingSwift4.framework in Frameworks */ = {isa = PBXBuildFile; fileRef = 56AEAA9DCADC6B1C42E142D1 /* Pods_JSONParsingSwift4.framework */; };
/* End PBXBuildFile section */

/* Begin PBXFileReference section */
		1DFA1AEEEB04A871D059FA7A /* Pods-JSONParsingSwift4.debug.xcconfig */ = {isa = PBXFileReference; includeInIndex = 1; lastKnownFileType = text.xcconfig; name = "Pods-JSONParsingSwift4.debug.xcconfig"; path = "Pods/Target Support Files/Pods-JSONParsingSwift4/Pods-JSONParsingSwift4.debug.xcconfig"; sourceTree = "<group>"; };
		56AEAA9DCADC6B1C42E142D1 /* Pods_JSONParsingSwift4.framework */ = {isa = PBXFileReference; explicitFileType = wrapper.framework; includeInIndex = 0; path = Pods_JSONParsingSwift4.framework; sourceTree = BUILT_PRODUCTS_DIR; };
		8AD27F0620DFFE850058D175 /* JSONParsingSwift4.app */ = {isa = PBXFileReference; explicitFileType = wrapper.application; includeInIndex = 0; path = JSONParsingSwift4.app; sourceTree = BUILT_PRODUCTS_DIR; };
		8AD27F0920DFFE850058D175 /* AppDelegate.swift */ = {isa = PBXFileReference; lastKnownFileType = sourcecode.swift; path = AppDelegate.swift; sourceTree = "<group>"; };
		8AD27F0B20DFFE850058D175 /* ViewController.swift */ = {isa = PBXFileReference; lastKnownFileType = sourcecode.swift; path = ViewController.swift; sourceTree = "<group>"; };
		8AD27F0E20DFFE850058D175 /* Base */ = {isa = PBXFileReference; lastKnownFileType = file.storyboard; name = Base; path = Base.lproj/Main.storyboard; sourceTree = "<group>"; };
		8AD27F1020DFFE850058D175 /* Assets.xcassets */ = {isa = PBXFileReference; lastKnownFileType = folder.assetcatalog; path = Assets.xcassets; sourceTree = "<group>"; };
		8AD27F1320DFFE850058D175 /* Base */ = {isa = PBXFileReference; lastKnownFileType = file.storyboard; name = Base; path = Base.lproj/LaunchScreen.storyboard; sourceTree = "<group>"; };
		8AD27F1520DFFE850058D175 /* Info.plist */ = {isa = PBXFileReference; lastKnownFileType = text.plist.xml; path = Info.plist; sourceTree = "<group>"; };
		A9CB4DE1453ADEFADDCE3963 /* Pods-JSONParsingSwift4.release.xcconfig */ = {isa = PBXFileReference; includeInIndex = 1; lastKnownFileType = text.xcconfig; name = "Pods-JSONParsingSwift4.release.xcconfig"; path = "Pods/Target Support Files/Pods-JSONParsingSwift4/Pods-JSONParsingSwift4.release.xcconfig"; sourceTree = "<group>"; };
/* End PBXFileReference section */

/* Begin PBXFrameworksBuildPhase section */
		8AD27F0320DFFE850058D175 /* Frameworks */ = {
			isa = PBXFrameworksBuildPhase;
			buildActionMask = 2147483647;
			files = (
				9C21AAD1475A7999D9A2F57F /* Pods_JSONParsingSwift4.framework in Frameworks */,
			);
			runOnlyForDeploymentPostprocessing = 0;
		};
/* End PBXFrameworksBuildPhase section */

/* Begin PBXGroup section */
		6F8C5DE39F83788C7F2BC21D /* Frameworks */ = {
			isa = PBXGroup;
			children = (
				56AEAA9DCADC6B1C42E142D1 /* Pods_JSONParsingSwift4.framework */,
			);
			name = Frameworks;
			sourceTree = "<group>";
		};
		8AD27EFD20DFFE850058D175 = {
			isa = PBXGroup;
			children = (
				8AD27F0820DFFE850058D175 /* JSONParsingSwift4 */,
				8AD27F0720DFFE850058D175 /* Products */,
				D054181BA1B7D1354F2D4BFE /* Pods */,
				6F8C5DE39F83788C7F2BC21D /* Frameworks */,
			);
			sourceTree = "<group>";
		};
		8AD27F0720DFFE850058D175 /* Products */ = {
			isa = PBXGroup;
			children = (
				8AD27F0620DFFE850058D175 /* JSONParsingSwift4.app */,
			);
			name = Products;
			sourceTree = "<group>";
		};
		8AD27F0820DFFE850058D175 /* JSONParsingSwift4 */ = {
			isa = PBXGroup;
			children = (
				8AD27F0920DFFE850058D175 /* AppDelegate.swift */,
				8AD27F0B20DFFE850058D175 /* ViewController.swift */,
				8AD27F0D20DFFE850058D175 /* Main.storyboard */,
				8AD27F1020DFFE850058D175 /* Assets.xcassets */,
				8AD27F1220DFFE850058D175 /* LaunchScreen.storyboard */,
				8AD27F1520DFFE850058D175 /* Info.plist */,
			);
			path = JSONParsingSwift4;
			sourceTree = "<group>";
		};
		D054181BA1B7D1354F2D4BFE /* Pods */ = {
			isa = PBXGroup;
			children = (
				1DFA1AEEEB04A871D059FA7A /* Pods-JSONParsingSwift4.debug.xcconfig */,
				A9CB4DE1453ADEFADDCE3963 /* Pods-JSONParsingSwift4.release.xcconfig */,
			);
			name = Pods;
			sourceTree = "<group>";
		};
/* End PBXGroup section */

/* Begin PBXNativeTarget section */
		8AD27F0520DFFE850058D175 /* JSONParsingSwift4 */ = {
			isa = PBXNativeTarget;
			buildConfigurationList = 8AD27F1820DFFE850058D175 /* Build configuration list for PBXNativeTarget "JSONParsingSwift4" */;
			buildPhases = (
				28082556BE8FFF15B402A75E /* [CP] Check Pods Manifest.lock */,
				8AD27F0220DFFE850058D175 /* Sources */,
				8AD27F0320DFFE850058D175 /* Frameworks */,
				8AD27F0420DFFE850058D175 /* Resources */,
				2802989131D50E016C7CA474 /* [CP] Embed Pods Frameworks */,
			);
			buildRules = (
			);
			dependencies = (
			);
			name = JSONParsingSwift4;
			productName = JSONParsingSwift4;
			productReference = 8AD27F0620DFFE850058D175 /* JSONParsingSwift4.app */;
			productType = "com.apple.product-type.application";
		};
/* End PBXNativeTarget section */

/* Begin PBXProject section */
		8AD27EFE20DFFE850058D175 /* Project object */ = {
			isa = PBXProject;
			attributes = {
				LastSwiftUpdateCheck = 0920;
				LastUpgradeCheck = 0920;
				ORGANIZATIONNAME = DevDK;
				TargetAttributes = {
					8AD27F0520DFFE850058D175 = {
						CreatedOnToolsVersion = 9.2;
						ProvisioningStyle = Automatic;
					};
				};
			};
			buildConfigurationList = 8AD27F0120DFFE850058D175 /* Build configuration list for PBXProject "JSONParsingSwift4" */;
			compatibilityVersion = "Xcode 8.0";
			developmentRegion = en;
			hasScannedForEncodings = 0;
			knownRegions = (
				en,
				Base,
			);
			mainGroup = 8AD27EFD20DFFE850058D175;
			productRefGroup = 8AD27F0720DFFE850058D175 /* Products */;
			projectDirPath = "";
			projectRoot = "";
			targets = (
				8AD27F0520DFFE850058D175 /* JSONParsingSwift4 */,
			);
		};
/* End PBXProject section */

/* Begin PBXResourcesBuildPhase section */
		8AD27F0420DFFE850058D175 /* Resources */ = {
			isa = PBXResourcesBuildPhase;
			buildActionMask = 2147483647;
			files = (
				8AD27F1420DFFE850058D175 /* LaunchScreen.storyboard in Resources */,
				8AD27F1120DFFE850058D175 /* Assets.xcassets in Resources */,
				8AD27F0F20DFFE850058D175 /* Main.storyboard in Resources */,
			);
			runOnlyForDeploymentPostprocessing = 0;
		};
/* End PBXResourcesBuildPhase section */

/* Begin PBXShellScriptBuildPhase section */
		2802989131D50E016C7CA474 /* [CP] Embed Pods Frameworks */ = {
			isa = PBXShellScriptBuildPhase;
			buildActionMask = 2147483647;
			files = (
			);
			inputPaths = (
				"${SRCROOT}/Pods/Target Support Files/Pods-JSONParsingSwift4/Pods-JSONParsingSwift4-frameworks.sh",
				"${BUILT_PRODUCTS_DIR}/Alamofire/Alamofire.framework",
			);
			name = "[CP] Embed Pods Frameworks";
			outputPaths = (
				"${TARGET_BUILD_DIR}/${FRAMEWORKS_FOLDER_PATH}/Alamofire.framework",
			);
			runOnlyForDeploymentPostprocessing = 0;
			shellPath = /bin/sh;
			shellScript = "\"${SRCROOT}/Pods/Target Support Files/Pods-JSONParsingSwift4/Pods-JSONParsingSwift4-frameworks.sh\"\n";
			showEnvVarsInLog = 0;
		};
		28082556BE8FFF15B402A75E /* [CP] Check Pods Manifest.lock */ = {
			isa = PBXShellScriptBuildPhase;
			buildActionMask = 2147483647;
			files = (
			);
			inputPaths = (
				"${PODS_PODFILE_DIR_PATH}/Podfile.lock",
				"${PODS_ROOT}/Manifest.lock",
			);
			name = "[CP] Check Pods Manifest.lock";
			outputPaths = (
				"$(DERIVED_FILE_DIR)/Pods-JSONParsingSwift4-checkManifestLockResult.txt",
			);
			runOnlyForDeploymentPostprocessing = 0;
			shellPath = /bin/sh;
			shellScript = "diff \"${PODS_PODFILE_DIR_PATH}/Podfile.lock\" \"${PODS_ROOT}/Manifest.lock\" > /dev/null\nif [ $? != 0 ] ; then\n    # print error to STDERR\n    echo \"error: The sandbox is not in sync with the Podfile.lock. Run 'pod install' or update your CocoaPods installation.\" >&2\n    exit 1\nfi\n# This output is used by Xcode 'outputs' to avoid re-running this script phase.\necho \"SUCCESS\" > \"${SCRIPT_OUTPUT_FILE_0}\"\n";
			showEnvVarsInLog = 0;
		};
/* End PBXShellScriptBuildPhase section */

/* Begin PBXSourcesBuildPhase section */
		8AD27F0220DFFE850058D175 /* Sources */ = {
			isa = PBXSourcesBuildPhase;
			buildActionMask = 2147483647;
			files = (
				8AD27F0C20DFFE850058D175 /* ViewController.swift in Sources */,
				8AD27F0A20DFFE850058D175 /* AppDelegate.swift in Sources */,
			);
			runOnlyForDeploymentPostprocessing = 0;
		};
/* End PBXSourcesBuildPhase section */

/* Begin PBXVariantGroup section */
		8AD27F0D20DFFE850058D175 /* Main.storyboard */ = {
			isa = PBXVariantGroup;
			children = (
				8AD27F0E20DFFE850058D175 /* Base */,
			);
			name = Main.storyboard;
			sourceTree = "<group>";
		};
		8AD27F1220DFFE850058D175 /* LaunchScreen.storyboard */ = {
			isa = PBXVariantGroup;
			children = (
				8AD27F1320DFFE850058D175 /* Base */,
			);
			name = LaunchScreen.storyboard;
			sourceTree = "<group>";
		};
/* End PBXVariantGroup section */

/* Begin XCBuildConfiguration section */
		8AD27F1620DFFE850058D175 /* Debug */ = {
			isa = XCBuildConfiguration;
			buildSettings = {
				ALWAYS_SEARCH_USER_PATHS = NO;
				CLANG_ANALYZER_NONNULL = YES;
				CLANG_ANALYZER_NUMBER_OBJECT_CONVERSION = YES_AGGRESSIVE;
				CLANG_CXX_LANGUAGE_STANDARD = "gnu++14";
				CLANG_CXX_LIBRARY = "libc++";
				CLANG_ENABLE_MODULES = YES;
				CLANG_ENABLE_OBJC_ARC = YES;
				CLANG_WARN_BLOCK_CAPTURE_AUTORELEASING = YES;
				CLANG_WARN_BOOL_CONVERSION = YES;
				CLANG_WARN_COMMA = YES;
				CLANG_WARN_CONSTANT_CONVERSION = YES;
				CLANG_WARN_DIRECT_OBJC_ISA_USAGE = YES_ERROR;
				CLANG_WARN_DOCUMENTATION_COMMENTS = YES;
				CLANG_WARN_EMPTY_BODY = YES;
				CLANG_WARN_ENUM_CONVERSION = YES;
				CLANG_WARN_INFINITE_RECURSION = YES;
				CLANG_WARN_INT_CONVERSION = YES;
				CLANG_WARN_NON_LITERAL_NULL_CONVERSION = YES;
				CLANG_WARN_OBJC_LITERAL_CONVERSION = YES;
				CLANG_WARN_OBJC_ROOT_CLASS = YES_ERROR;
				CLANG_WARN_RANGE_LOOP_ANALYSIS = YES;
				CLANG_WARN_STRICT_PROTOTYPES = YES;
				CLANG_WARN_SUSPICIOUS_MOVE = YES;
				CLANG_WARN_UNGUARDED_AVAILABILITY = YES_AGGRESSIVE;
				CLANG_WARN_UNREACHABLE_CODE = YES;
				CLANG_WARN__DUPLICATE_METHOD_MATCH = YES;
				CODE_SIGN_IDENTITY = "iPhone Developer";
				COPY_PHASE_STRIP = NO;
				DEBUG_INFORMATION_FORMAT = dwarf;
				ENABLE_STRICT_OBJC_MSGSEND = YES;
				ENABLE_TESTABILITY = YES;
				GCC_C_LANGUAGE_STANDARD = gnu11;
				GCC_DYNAMIC_NO_PIC = NO;
				GCC_NO_COMMON_BLOCKS = YES;
				GCC_OPTIMIZATION_LEVEL = 0;
				GCC_PREPROCESSOR_DEFINITIONS = (
					"DEBUG=1",
					"$(inherited)",
				);
				GCC_WARN_64_TO_32_BIT_CONVERSION = YES;
				GCC_WARN_ABOUT_RETURN_TYPE = YES_ERROR;
				GCC_WARN_UNDECLARED_SELECTOR = YES;
				GCC_WARN_UNINITIALIZED_AUTOS = YES_AGGRESSIVE;
				GCC_WARN_UNUSED_FUNCTION = YES;
				GCC_WARN_UNUSED_VARIABLE = YES;
				IPHONEOS_DEPLOYMENT_TARGET = 11.2;
				MTL_ENABLE_DEBUG_INFO = YES;
				ONLY_ACTIVE_ARCH = YES;
				SDKROOT = iphoneos;
				SWIFT_ACTIVE_COMPILATION_CONDITIONS = DEBUG;
				SWIFT_OPTIMIZATION_LEVEL = "-Onone";
			};
			name = Debug;
		};
		8AD27F1720DFFE850058D175 /* Release */ = {
			isa = XCBuildConfiguration;
			buildSettings = {
				ALWAYS_SEARCH_USER_PATHS = NO;
				CLANG_ANALYZER_NONNULL = YES;
				CLANG_ANALYZER_NUMBER_OBJECT_CONVERSION = YES_AGGRESSIVE;
				CLANG_CXX_LANGUAGE_STANDARD = "gnu++14";
				CLANG_CXX_LIBRARY = "libc++";
				CLANG_ENABLE_MODULES = YES;
				CLANG_ENABLE_OBJC_ARC = YES;
				CLANG_WARN_BLOCK_CAPTURE_AUTORELEASING = YES;
				CLANG_WARN_BOOL_CONVERSION = YES;
				CLANG_WARN_COMMA = YES;
				CLANG_WARN_CONSTANT_CONVERSION = YES;
				CLANG_WARN_DIRECT_OBJC_ISA_USAGE = YES_ERROR;
				CLANG_WARN_DOCUMENTATION_COMMENTS = YES;
				CLANG_WARN_EMPTY_BODY = YES;
				CLANG_WARN_ENUM_CONVERSION = YES;
				CLANG_WARN_INFINITE_RECURSION = YES;
				CLANG_WARN_INT_CONVERSION = YES;
				CLANG_WARN_NON_LITERAL_NULL_CONVERSION = YES;
				CLANG_WARN_OBJC_LITERAL_CONVERSION = YES;
				CLANG_WARN_OBJC_ROOT_CLASS = YES_ERROR;
				CLANG_WARN_RANGE_LOOP_ANALYSIS = YES;
				CLANG_WARN_STRICT_PROTOTYPES = YES;
				CLANG_WARN_SUSPICIOUS_MOVE = YES;
				CLANG_WARN_UNGUARDED_AVAILABILITY = YES_AGGRESSIVE;
				CLANG_WARN_UNREACHABLE_CODE = YES;
				CLANG_WARN__DUPLICATE_METHOD_MATCH = YES;
				CODE_SIGN_IDENTITY = "iPhone Developer";
				COPY_PHASE_STRIP = NO;
				DEBUG_INFORMATION_FORMAT = "dwarf-with-dsym";
				ENABLE_NS_ASSERTIONS = NO;
				ENABLE_STRICT_OBJC_MSGSEND = YES;
				GCC_C_LANGUAGE_STANDARD = gnu11;
				GCC_NO_COMMON_BLOCKS = YES;
				GCC_WARN_64_TO_32_BIT_CONVERSION = YES;
				GCC_WARN_ABOUT_RETURN_TYPE = YES_ERROR;
				GCC_WARN_UNDECLARED_SELECTOR = YES;
				GCC_WARN_UNINITIALIZED_AUTOS = YES_AGGRESSIVE;
				GCC_WARN_UNUSED_FUNCTION = YES;
				GCC_WARN_UNUSED_VARIABLE = YES;
				IPHONEOS_DEPLOYMENT_TARGET = 11.2;
				MTL_ENABLE_DEBUG_INFO = NO;
				SDKROOT = iphoneos;
				SWIFT_OPTIMIZATION_LEVEL = "-Owholemodule";
				VALIDATE_PRODUCT = YES;
			};
			name = Release;
		};
		8AD27F1920DFFE850058D175 /* Debug */ = {
			isa = XCBuildConfiguration;
			baseConfigurationReference = 1DFA1AEEEB04A871D059FA7A /* Pods-JSONParsingSwift4.debug.xcconfig */;
			buildSettings = {
				ASSETCATALOG_COMPILER_APPICON_NAME = AppIcon;
				CODE_SIGN_STYLE = Automatic;
				INFOPLIST_FILE = JSONParsingSwift4/Info.plist;
				LD_RUNPATH_SEARCH_PATHS = "$(inherited) @executable_path/Frameworks";
				PRODUCT_BUNDLE_IDENTIFIER = com.iOSDevDK.JSONParsingSwift4;
				PRODUCT_NAME = "$(TARGET_NAME)";
				SWIFT_VERSION = 4.0;
				TARGETED_DEVICE_FAMILY = "1,2";
			};
			name = Debug;
		};
		8AD27F1A20DFFE850058D175 /* Release */ = {
			isa = XCBuildConfiguration;
			baseConfigurationReference = A9CB4DE1453ADEFADDCE3963 /* Pods-JSONParsingSwift4.release.xcconfig */;
			buildSettings = {
				ASSETCATALOG_COMPILER_APPICON_NAME = AppIcon;
				CODE_SIGN_STYLE = Automatic;
				INFOPLIST_FILE = JSONParsingSwift4/Info.plist;
				LD_RUNPATH_SEARCH_PATHS = "$(inherited) @executable_path/Frameworks";
				PRODUCT_BUNDLE_IDENTIFIER = com.iOSDevDK.JSONParsingSwift4;
				PRODUCT_NAME = "$(TARGET_NAME)";
				SWIFT_VERSION = 4.0;
				TARGETED_DEVICE_FAMILY = "1,2";
			};
			name = Release;
		};
/* End XCBuildConfiguration section */

/* Begin XCConfigurationList section */
		8AD27F0120DFFE850058D175 /* Build configuration list for PBXProject "JSONParsingSwift4" */ = {
			isa = XCConfigurationList;
			buildConfigurations = (
				8AD27F1620DFFE850058D175 /* Debug */,
				8AD27F1720DFFE850058D175 /* Release */,
			);
			defaultConfigurationIsVisible = 0;
			defaultConfigurationName = Release;
		};
		8AD27F1820DFFE850058D175 /* Build configuration list for PBXNativeTarget "JSONParsingSwift4" */ = {
			isa = XCConfigurationList;
			buildConfigurations = (
				8AD27F1920DFFE850058D175 /* Debug */,
				8AD27F1A20DFFE850058D175 /* Release */,
			);
			defaultConfigurationIsVisible = 0;
			defaultConfigurationName = Release;
		};
/* End XCConfigurationList section */
	};
	rootObject = 8AD27EFE20DFFE850058D175 /* Project object */;
}
